
Microsoft Visual Studio Solution File, Format Version 12.00
# Visual Studio 2013
VisualStudioVersion = 12.0.21005.1
MinimumVisualStudioVersion = 10.0.40219.1
Project("{FAE04EC0-301F-11D3-BF4B-00C04F79EFBC}") = "GUI", "GUI\GUI.csproj", "{3FEF82F7-67F2-4174-9E3B-AA673680282D}"
EndProject
Project("{FAE04EC0-301F-11D3-BF4B-00C04F79EFBC}") = "BLL", "BLL\BLL.csproj", "{9AD1F789-7CCC-4D5C-B70A-BA1E0FED5753}"
EndProject
Project("{FAE04EC0-301F-11D3-BF4B-00C04F79EFBC}") = "DAL", "DAL\DAL.csproj", "{5F8A2A30-EF85-4C61-A43C-893E98ADE47B}"
EndProject
Project("{FAE04EC0-301F-11D3-BF4B-00C04F79EFBC}") = "WcfService", "WcfService\WcfService.csproj", "{3EC2D852-BEE5-47D3-A31A-7EE0A650A4CB}"
EndProject
Global
	GlobalSection(SolutionConfigurationPlatforms) = preSolution
		Debug|Any CPU = Debug|Any CPU
		Release|Any CPU = Release|Any CPU
	EndGlobalSection
	GlobalSection(ProjectConfigurationPlatforms) = postSolution
		{3FEF82F7-67F2-4174-9E3B-AA673680282D}.Debug|Any CPU.ActiveCfg = Debug|Any CPU
		{3FEF82F7-67F2-4174-9E3B-AA673680282D}.Debug|Any CPU.Build.0 = Debug|Any CPU
		{3FEF82F7-67F2-4174-9E3B-AA673680282D}.Release|Any CPU.ActiveCfg = Release|Any CPU
		{3FEF82F7-67F2-4174-9E3B-AA673680282D}.Release|Any CPU.Build.0 = Release|Any CPU
		{9AD1F789-7CCC-4D5C-B70A-BA1E0FED5753}.Debug|Any CPU.ActiveCfg = Debug|Any CPU
		{9AD1F789-7CCC-4D5C-B70A-BA1E0FED5753}.Debug|Any CPU.Build.0 = Debug|Any CPU
		{9AD1F789-7CCC-4D5C-B70A-BA1E0FED5753}.Release|Any CPU.ActiveCfg = Release|Any CPU
		{9AD1F789-7CCC-4D5C-B70A-BA1E0FED5753}.Release|Any CPU.Build.0 = Release|Any CPU
		{5F8A2A30-EF85-4C61-A43C-893E98ADE47B}.Debug|Any CPU.ActiveCfg = Debug|Any CPU
		{5F8A2A30-EF85-4C61-A43C-893E98ADE47B}.Debug|Any CPU.Build.0 = Debug|Any CPU
		{5F8A2A30-EF85-4C61-A43C-893E98ADE47B}.Release|Any CPU.ActiveCfg = Release|Any CPU
		{5F8A2A30-EF85-4C61-A43C-893E98ADE47B}.Release|Any CPU.Build.0 = Release|Any CPU
		{3EC2D852-BEE5-47D3-A31A-7EE0A650A4CB}.Debug|Any CPU.ActiveCfg = Debug|Any CPU
		{3EC2D852-BEE5-47D3-A31A-7EE0A650A4CB}.Debug|Any CPU.Build.0 = Debug|Any CPU
		{3EC2D852-BEE5-47D3-A31A-7EE0A650A4CB}.Release|Any CPU.ActiveCfg = Release|Any CPU
		{3EC2D852-BEE5-47D3-A31A-7EE0A650A4CB}.Release|Any CPU.Build.0 = Release|Any CPU
	EndGlobalSection
	GlobalSection(SolutionProperties) = preSolution
		HideSolutionNode = FALSE
	EndGlobalSection
EndGlobal
